// !$*UTF8*$!
{
	archiveVersion = 1;
	classes = {
	};
	objectVersion = 46;
	objects = {

/* Begin PBXBuildFile section */
		0B2A367689956FE773C40821 /* libPods.a in Frameworks */ = {isa = PBXBuildFile; fileRef = F52F6F57272D52ADBD2C08C0 /* libPods.a */; };
		CB9B53E11BC81576009AB56F /* CarPriceB117Tests.m in Sources */ = {isa = PBXBuildFile; fileRef = CB9B53E01BC81576009AB56F /* CarPriceB117Tests.m */; };
		CB9B53EB1BC817FF009AB56F /* Images.xcassets in Resources */ = {isa = PBXBuildFile; fileRef = CB9B53EA1BC817FF009AB56F /* Images.xcassets */; };
		CB9B54871BC8342A009AB56F /* AppDelegate.m in Sources */ = {isa = PBXBuildFile; fileRef = CB9B54611BC8342A009AB56F /* AppDelegate.m */; };
		CB9B54881BC8342A009AB56F /* PCNavgationController.m in Sources */ = {isa = PBXBuildFile; fileRef = CB9B54641BC8342A009AB56F /* PCNavgationController.m */; };
		CB9B54891BC8342A009AB56F /* PCTabBarController.m in Sources */ = {isa = PBXBuildFile; fileRef = CB9B54661BC8342A009AB56F /* PCTabBarController.m */; };
		CB9B548A1BC8342A009AB56F /* main.m in Sources */ = {isa = PBXBuildFile; fileRef = CB9B54671BC8342A009AB56F /* main.m */; };
		CB9B548B1BC8342A009AB56F /* PCCarViewController.m in Sources */ = {isa = PBXBuildFile; fileRef = CB9B546C1BC8342A009AB56F /* PCCarViewController.m */; };
		CB9B548C1BC8342A009AB56F /* PCMoreViewController.m in Sources */ = {isa = PBXBuildFile; fileRef = CB9B54701BC8342A009AB56F /* PCMoreViewController.m */; };
		CB9B54911BC8342A009AB56F /* PCSaleViewController.m in Sources */ = {isa = PBXBuildFile; fileRef = CB9B547E1BC8342A009AB56F /* PCSaleViewController.m */; };
		CB9B54921BC8342A009AB56F /* PCSearchViewController.m in Sources */ = {isa = PBXBuildFile; fileRef = CB9B54821BC8342A009AB56F /* PCSearchViewController.m */; };
		CB9B54931BC8342A009AB56F /* PCToolsViewController.m in Sources */ = {isa = PBXBuildFile; fileRef = CB9B54861BC8342A009AB56F /* PCToolsViewController.m */; };
		CB9B54981BC8A1FE009AB56F /* PCPageControl.m in Sources */ = {isa = PBXBuildFile; fileRef = CB9B54971BC8A1FE009AB56F /* PCPageControl.m */; };
		CB9B54A21BC8A930009AB56F /* UIView+Extension.m in Sources */ = {isa = PBXBuildFile; fileRef = CB9B54A11BC8A930009AB56F /* UIView+Extension.m */; };
		CB9B54BE1BC8D454009AB56F /* PCCarHeader.m in Sources */ = {isa = PBXBuildFile; fileRef = CB9B54BD1BC8D454009AB56F /* PCCarHeader.m */; };
		CB9B54C21BC8D8FF009AB56F /* PCCarHeader.xib in Resources */ = {isa = PBXBuildFile; fileRef = CB9B54C11BC8D8FF009AB56F /* PCCarHeader.xib */; };
		CB9B54C81BC8E47B009AB56F /* PCCarHeaderButton.m in Sources */ = {isa = PBXBuildFile; fileRef = CB9B54C71BC8E47B009AB56F /* PCCarHeaderButton.m */; };
		CB9B54CC1BC8F3B7009AB56F /* PCCar.m in Sources */ = {isa = PBXBuildFile; fileRef = CB9B54CB1BC8F3B7009AB56F /* PCCar.m */; };
		CB9B54D41BC8F97F009AB56F /* PCNetworkTools.m in Sources */ = {isa = PBXBuildFile; fileRef = CB9B54D31BC8F97F009AB56F /* PCNetworkTools.m */; };
		CB9B54D71BC90453009AB56F /* PCCarCell.m in Sources */ = {isa = PBXBuildFile; fileRef = CB9B54D61BC90453009AB56F /* PCCarCell.m */; };
		CB9B54D91BC90AA5009AB56F /* PCCarCell.xib in Resources */ = {isa = PBXBuildFile; fileRef = CB9B54D81BC90AA5009AB56F /* PCCarCell.xib */; };
		CB9B54DB1BC92A66009AB56F /* cars.plist in Resources */ = {isa = PBXBuildFile; fileRef = CB9B54DA1BC92A66009AB56F /* cars.plist */; };
		CB9B54EB1BC931FA009AB56F /* PCCarGroup.m in Sources */ = {isa = PBXBuildFile; fileRef = CB9B54E81BC931FA009AB56F /* PCCarGroup.m */; };
		CB9B54EC1BC931FA009AB56F /* PCCCar.m in Sources */ = {isa = PBXBuildFile; fileRef = CB9B54EA1BC931FA009AB56F /* PCCCar.m */; };
/* End PBXBuildFile section */

/* Begin PBXContainerItemProxy section */
		CB9B53DB1BC81576009AB56F /* PBXContainerItemProxy */ = {
			isa = PBXContainerItemProxy;
			containerPortal = CB9B53B91BC81576009AB56F /* Project object */;
			proxyType = 1;
			remoteGlobalIDString = CB9B53C01BC81576009AB56F;
			remoteInfo = CarPriceB117;
		};
/* End PBXContainerItemProxy section */

/* Begin PBXFileReference section */
		69583F7B3A76648CB3B585F3 /* Pods.release.xcconfig */ = {isa = PBXFileReference; includeInIndex = 1; lastKnownFileType = text.xcconfig; name = Pods.release.xcconfig; path = "Pods/Target Support Files/Pods/Pods.release.xcconfig"; sourceTree = "<group>"; };
		9457BA43ABA0ACA03666A982 /* Pods.debug.xcconfig */ = {isa = PBXFileReference; includeInIndex = 1; lastKnownFileType = text.xcconfig; name = Pods.debug.xcconfig; path = "Pods/Target Support Files/Pods/Pods.debug.xcconfig"; sourceTree = "<group>"; };
		CB9B53C11BC81576009AB56F /* CarPriceB117.app */ = {isa = PBXFileReference; explicitFileType = wrapper.application; includeInIndex = 0; path = CarPriceB117.app; sourceTree = BUILT_PRODUCTS_DIR; };
		CB9B53C51BC81576009AB56F /* Info.plist */ = {isa = PBXFileReference; lastKnownFileType = text.plist.xml; path = Info.plist; sourceTree = "<group>"; };
		CB9B53DA1BC81576009AB56F /* CarPriceB117Tests.xctest */ = {isa = PBXFileReference; explicitFileType = wrapper.cfbundle; includeInIndex = 0; path = CarPriceB117Tests.xctest; sourceTree = BUILT_PRODUCTS_DIR; };
		CB9B53DF1BC81576009AB56F /* Info.plist */ = {isa = PBXFileReference; lastKnownFileType = text.plist.xml; path = Info.plist; sourceTree = "<group>"; };
		CB9B53E01BC81576009AB56F /* CarPriceB117Tests.m */ = {isa = PBXFileReference; lastKnownFileType = sourcecode.c.objc; path = CarPriceB117Tests.m; sourceTree = "<group>"; };
		CB9B53EA1BC817FF009AB56F /* Images.xcassets */ = {isa = PBXFileReference; lastKnownFileType = folder.assetcatalog; path = Images.xcassets; sourceTree = "<group>"; };
		CB9B54601BC8342A009AB56F /* AppDelegate.h */ = {isa = PBXFileReference; fileEncoding = 4; lastKnownFileType = sourcecode.c.h; path = AppDelegate.h; sourceTree = "<group>"; };
		CB9B54611BC8342A009AB56F /* AppDelegate.m */ = {isa = PBXFileReference; fileEncoding = 4; lastKnownFileType = sourcecode.c.objc; path = AppDelegate.m; sourceTree = "<group>"; };
		CB9B54631BC8342A009AB56F /* PCNavgationController.h */ = {isa = PBXFileReference; fileEncoding = 4; lastKnownFileType = sourcecode.c.h; path = PCNavgationController.h; sourceTree = "<group>"; };
		CB9B54641BC8342A009AB56F /* PCNavgationController.m */ = {isa = PBXFileReference; fileEncoding = 4; lastKnownFileType = sourcecode.c.objc; path = PCNavgationController.m; sourceTree = "<group>"; };
		CB9B54651BC8342A009AB56F /* PCTabBarController.h */ = {isa = PBXFileReference; fileEncoding = 4; lastKnownFileType = sourcecode.c.h; path = PCTabBarController.h; sourceTree = "<group>"; };
		CB9B54661BC8342A009AB56F /* PCTabBarController.m */ = {isa = PBXFileReference; fileEncoding = 4; lastKnownFileType = sourcecode.c.objc; path = PCTabBarController.m; sourceTree = "<group>"; };
		CB9B54671BC8342A009AB56F /* main.m */ = {isa = PBXFileReference; fileEncoding = 4; lastKnownFileType = sourcecode.c.objc; path = main.m; sourceTree = "<group>"; };
		CB9B54681BC8342A009AB56F /* PrefixHeader.pch */ = {isa = PBXFileReference; fileEncoding = 4; lastKnownFileType = sourcecode.c.h; path = PrefixHeader.pch; sourceTree = "<group>"; };
		CB9B546B1BC8342A009AB56F /* PCCarViewController.h */ = {isa = PBXFileReference; fileEncoding = 4; lastKnownFileType = sourcecode.c.h; path = PCCarViewController.h; sourceTree = "<group>"; };
		CB9B546C1BC8342A009AB56F /* PCCarViewController.m */ = {isa = PBXFileReference; fileEncoding = 4; lastKnownFileType = sourcecode.c.objc; path = PCCarViewController.m; sourceTree = "<group>"; };
		CB9B546F1BC8342A009AB56F /* PCMoreViewController.h */ = {isa = PBXFileReference; fileEncoding = 4; lastKnownFileType = sourcecode.c.h; path = PCMoreViewController.h; sourceTree = "<group>"; };
		CB9B54701BC8342A009AB56F /* PCMoreViewController.m */ = {isa = PBXFileReference; fileEncoding = 4; lastKnownFileType = sourcecode.c.objc; path = PCMoreViewController.m; sourceTree = "<group>"; };
		CB9B547D1BC8342A009AB56F /* PCSaleViewController.h */ = {isa = PBXFileReference; fileEncoding = 4; lastKnownFileType = sourcecode.c.h; path = PCSaleViewController.h; sourceTree = "<group>"; };
		CB9B547E1BC8342A009AB56F /* PCSaleViewController.m */ = {isa = PBXFileReference; fileEncoding = 4; lastKnownFileType = sourcecode.c.objc; path = PCSaleViewController.m; sourceTree = "<group>"; };
		CB9B54811BC8342A009AB56F /* PCSearchViewController.h */ = {isa = PBXFileReference; fileEncoding = 4; lastKnownFileType = sourcecode.c.h; path = PCSearchViewController.h; sourceTree = "<group>"; };
		CB9B54821BC8342A009AB56F /* PCSearchViewController.m */ = {isa = PBXFileReference; fileEncoding = 4; lastKnownFileType = sourcecode.c.objc; path = PCSearchViewController.m; sourceTree = "<group>"; };
		CB9B54851BC8342A009AB56F /* PCToolsViewController.h */ = {isa = PBXFileReference; fileEncoding = 4; lastKnownFileType = sourcecode.c.h; path = PCToolsViewController.h; sourceTree = "<group>"; };
		CB9B54861BC8342A009AB56F /* PCToolsViewController.m */ = {isa = PBXFileReference; fileEncoding = 4; lastKnownFileType = sourcecode.c.objc; path = PCToolsViewController.m; sourceTree = "<group>"; };
		CB9B54961BC8A1FE009AB56F /* PCPageControl.h */ = {isa = PBXFileReference; fileEncoding = 4; lastKnownFileType = sourcecode.c.h; path = PCPageControl.h; sourceTree = "<group>"; };
		CB9B54971BC8A1FE009AB56F /* PCPageControl.m */ = {isa = PBXFileReference; fileEncoding = 4; lastKnownFileType = sourcecode.c.objc; path = PCPageControl.m; sourceTree = "<group>"; };
		CB9B54A01BC8A930009AB56F /* UIView+Extension.h */ = {isa = PBXFileReference; fileEncoding = 4; lastKnownFileType = sourcecode.c.h; path = "UIView+Extension.h"; sourceTree = "<group>"; };
		CB9B54A11BC8A930009AB56F /* UIView+Extension.m */ = {isa = PBXFileReference; fileEncoding = 4; lastKnownFileType = sourcecode.c.objc; path = "UIView+Extension.m"; sourceTree = "<group>"; };
		CB9B54BC1BC8D454009AB56F /* PCCarHeader.h */ = {isa = PBXFileReference; fileEncoding = 4; lastKnownFileType = sourcecode.c.h; path = PCCarHeader.h; sourceTree = "<group>"; };
		CB9B54BD1BC8D454009AB56F /* PCCarHeader.m */ = {isa = PBXFileReference; fileEncoding = 4; lastKnownFileType = sourcecode.c.objc; path = PCCarHeader.m; sourceTree = "<group>"; };
		CB9B54C11BC8D8FF009AB56F /* PCCarHeader.xib */ = {isa = PBXFileReference; fileEncoding = 4; lastKnownFileType = file.xib; path = PCCarHeader.xib; sourceTree = "<group>"; };
		CB9B54C61BC8E47B009AB56F /* PCCarHeaderButton.h */ = {isa = PBXFileReference; fileEncoding = 4; lastKnownFileType = sourcecode.c.h; path = PCCarHeaderButton.h; sourceTree = "<group>"; };
		CB9B54C71BC8E47B009AB56F /* PCCarHeaderButton.m */ = {isa = PBXFileReference; fileEncoding = 4; lastKnownFileType = sourcecode.c.objc; path = PCCarHeaderButton.m; sourceTree = "<group>"; };
		CB9B54CA1BC8F3B7009AB56F /* PCCar.h */ = {isa = PBXFileReference; fileEncoding = 4; lastKnownFileType = sourcecode.c.h; path = PCCar.h; sourceTree = "<group>"; };
		CB9B54CB1BC8F3B7009AB56F /* PCCar.m */ = {isa = PBXFileReference; fileEncoding = 4; lastKnownFileType = sourcecode.c.objc; path = PCCar.m; sourceTree = "<group>"; };
		CB9B54D21BC8F97F009AB56F /* PCNetworkTools.h */ = {isa = PBXFileReference; fileEncoding = 4; lastKnownFileType = sourcecode.c.h; path = PCNetworkTools.h; sourceTree = "<group>"; };
		CB9B54D31BC8F97F009AB56F /* PCNetworkTools.m */ = {isa = PBXFileReference; fileEncoding = 4; lastKnownFileType = sourcecode.c.objc; path = PCNetworkTools.m; sourceTree = "<group>"; };
		CB9B54D51BC90453009AB56F /* PCCarCell.h */ = {isa = PBXFileReference; fileEncoding = 4; lastKnownFileType = sourcecode.c.h; path = PCCarCell.h; sourceTree = "<group>"; };
		CB9B54D61BC90453009AB56F /* PCCarCell.m */ = {isa = PBXFileReference; fileEncoding = 4; lastKnownFileType = sourcecode.c.objc; path = PCCarCell.m; sourceTree = "<group>"; };
		CB9B54D81BC90AA5009AB56F /* PCCarCell.xib */ = {isa = PBXFileReference; fileEncoding = 4; lastKnownFileType = file.xib; path = PCCarCell.xib; sourceTree = "<group>"; };
		CB9B54DA1BC92A66009AB56F /* cars.plist */ = {isa = PBXFileReference; fileEncoding = 4; lastKnownFileType = text.plist.xml; path = cars.plist; sourceTree = "<group>"; };
		CB9B54E71BC931FA009AB56F /* PCCarGroup.h */ = {isa = PBXFileReference; fileEncoding = 4; lastKnownFileType = sourcecode.c.h; path = PCCarGroup.h; sourceTree = "<group>"; };
		CB9B54E81BC931FA009AB56F /* PCCarGroup.m */ = {isa = PBXFileReference; fileEncoding = 4; lastKnownFileType = sourcecode.c.objc; path = PCCarGroup.m; sourceTree = "<group>"; };
		CB9B54E91BC931FA009AB56F /* PCCCar.h */ = {isa = PBXFileReference; fileEncoding = 4; lastKnownFileType = sourcecode.c.h; path = PCCCar.h; sourceTree = "<group>"; };
		CB9B54EA1BC931FA009AB56F /* PCCCar.m */ = {isa = PBXFileReference; fileEncoding = 4; lastKnownFileType = sourcecode.c.objc; path = PCCCar.m; sourceTree = "<group>"; };
		F52F6F57272D52ADBD2C08C0 /* libPods.a */ = {isa = PBXFileReference; explicitFileType = archive.ar; includeInIndex = 0; path = libPods.a; sourceTree = BUILT_PRODUCTS_DIR; };
/* End PBXFileReference section */

/* Begin PBXFrameworksBuildPhase section */
		CB9B53BE1BC81576009AB56F /* Frameworks */ = {
			isa = PBXFrameworksBuildPhase;
			buildActionMask = 2147483647;
			files = (
				0B2A367689956FE773C40821 /* libPods.a in Frameworks */,
			);
			runOnlyForDeploymentPostprocessing = 0;
		};
		CB9B53D71BC81576009AB56F /* Frameworks */ = {
			isa = PBXFrameworksBuildPhase;
			buildActionMask = 2147483647;
			files = (
			);
			runOnlyForDeploymentPostprocessing = 0;
		};
/* End PBXFrameworksBuildPhase section */

/* Begin PBXGroup section */
		996F9513598D0C7EF270FA2F /* Pods */ = {
			isa = PBXGroup;
			children = (
				9457BA43ABA0ACA03666A982 /* Pods.debug.xcconfig */,
				69583F7B3A76648CB3B585F3 /* Pods.release.xcconfig */,
			);
			name = Pods;
			sourceTree = "<group>";
		};
		B75C4C4DE92626ACB48F7414 /* Frameworks */ = {
			isa = PBXGroup;
			children = (
				F52F6F57272D52ADBD2C08C0 /* libPods.a */,
			);
			name = Frameworks;
			sourceTree = "<group>";
		};
		CB9B53B81BC81576009AB56F = {
			isa = PBXGroup;
			children = (
				CB9B53C31BC81576009AB56F /* CarPriceB117 */,
				CB9B53DD1BC81576009AB56F /* CarPriceB117Tests */,
				CB9B53C21BC81576009AB56F /* Products */,
				996F9513598D0C7EF270FA2F /* Pods */,
				B75C4C4DE92626ACB48F7414 /* Frameworks */,
			);
			sourceTree = "<group>";
		};
		CB9B53C21BC81576009AB56F /* Products */ = {
			isa = PBXGroup;
			children = (
				CB9B53C11BC81576009AB56F /* CarPriceB117.app */,
				CB9B53DA1BC81576009AB56F /* CarPriceB117Tests.xctest */,
			);
			name = Products;
			sourceTree = "<group>";
		};
		CB9B53C31BC81576009AB56F /* CarPriceB117 */ = {
			isa = PBXGroup;
			children = (
				CB9B545E1BC8342A009AB56F /* Classes */,
				CB9B53C41BC81576009AB56F /* Supporting Files */,
			);
			path = CarPriceB117;
			sourceTree = "<group>";
		};
		CB9B53C41BC81576009AB56F /* Supporting Files */ = {
			isa = PBXGroup;
			children = (
				CB9B54DA1BC92A66009AB56F /* cars.plist */,
				CB9B53C51BC81576009AB56F /* Info.plist */,
				CB9B53EA1BC817FF009AB56F /* Images.xcassets */,
			);
			name = "Supporting Files";
			sourceTree = "<group>";
		};
		CB9B53DD1BC81576009AB56F /* CarPriceB117Tests */ = {
			isa = PBXGroup;
			children = (
				CB9B53E01BC81576009AB56F /* CarPriceB117Tests.m */,
				CB9B53DE1BC81576009AB56F /* Supporting Files */,
			);
			path = CarPriceB117Tests;
			sourceTree = "<group>";
		};
		CB9B53DE1BC81576009AB56F /* Supporting Files */ = {
			isa = PBXGroup;
			children = (
				CB9B53DF1BC81576009AB56F /* Info.plist */,
			);
			name = "Supporting Files";
			sourceTree = "<group>";
		};
		CB9B545E1BC8342A009AB56F /* Classes */ = {
			isa = PBXGroup;
			children = (
				CB9B54691BC8342A009AB56F /* tabCar-车型 */,
				CB9B547F1BC8342A009AB56F /* tabSearch-找车 */,
				CB9B54831BC8342A009AB56F /* tabTools-工具 */,
				CB9B547B1BC8342A009AB56F /* tabSale-降价 */,
				CB9B546D1BC8342A009AB56F /* tabMore-更多 */,
				CB9B545F1BC8342A009AB56F /* Other-其他 */,
			);
			path = Classes;
			sourceTree = "<group>";
		};
		CB9B545F1BC8342A009AB56F /* Other-其他 */ = {
			isa = PBXGroup;
			children = (
				CB9B54D11BC8F97F009AB56F /* Tools */,
				CB9B549F1BC8A913009AB56F /* Category */,
				CB9B54621BC8342A009AB56F /* Controller */,
				CB9B54601BC8342A009AB56F /* AppDelegate.h */,
				CB9B54611BC8342A009AB56F /* AppDelegate.m */,
				CB9B54671BC8342A009AB56F /* main.m */,
				CB9B54681BC8342A009AB56F /* PrefixHeader.pch */,
			);
			path = "Other-其他";
			sourceTree = "<group>";
		};
		CB9B54621BC8342A009AB56F /* Controller */ = {
			isa = PBXGroup;
			children = (
				CB9B54631BC8342A009AB56F /* PCNavgationController.h */,
				CB9B54641BC8342A009AB56F /* PCNavgationController.m */,
				CB9B54651BC8342A009AB56F /* PCTabBarController.h */,
				CB9B54661BC8342A009AB56F /* PCTabBarController.m */,
			);
			path = Controller;
			sourceTree = "<group>";
		};
		CB9B54691BC8342A009AB56F /* tabCar-车型 */ = {
			isa = PBXGroup;
			children = (
				CB9B54C91BC8F386009AB56F /* Model */,
				CB9B54941BC8A102009AB56F /* View */,
				CB9B546A1BC8342A009AB56F /* Controller */,
			);
			path = "tabCar-车型";
			sourceTree = "<group>";
		};
		CB9B546A1BC8342A009AB56F /* Controller */ = {
			isa = PBXGroup;
			children = (
				CB9B546B1BC8342A009AB56F /* PCCarViewController.h */,
				CB9B546C1BC8342A009AB56F /* PCCarViewController.m */,
			);
			path = Controller;
			sourceTree = "<group>";
		};
		CB9B546D1BC8342A009AB56F /* tabMore-更多 */ = {
			isa = PBXGroup;
			children = (
				CB9B546E1BC8342A009AB56F /* Controller */,
			);
			path = "tabMore-更多";
			sourceTree = "<group>";
		};
		CB9B546E1BC8342A009AB56F /* Controller */ = {
			isa = PBXGroup;
			children = (
				CB9B546F1BC8342A009AB56F /* PCMoreViewController.h */,
				CB9B54701BC8342A009AB56F /* PCMoreViewController.m */,
			);
			path = Controller;
			sourceTree = "<group>";
		};
		CB9B547B1BC8342A009AB56F /* tabSale-降价 */ = {
			isa = PBXGroup;
			children = (
				CB9B547C1BC8342A009AB56F /* Controller */,
			);
			path = "tabSale-降价";
			sourceTree = "<group>";
		};
		CB9B547C1BC8342A009AB56F /* Controller */ = {
			isa = PBXGroup;
			children = (
				CB9B547D1BC8342A009AB56F /* PCSaleViewController.h */,
				CB9B547E1BC8342A009AB56F /* PCSaleViewController.m */,
			);
			path = Controller;
			sourceTree = "<group>";
		};
		CB9B547F1BC8342A009AB56F /* tabSearch-找车 */ = {
			isa = PBXGroup;
			children = (
				CB9B54801BC8342A009AB56F /* Controller */,
			);
			path = "tabSearch-找车";
			sourceTree = "<group>";
		};
		CB9B54801BC8342A009AB56F /* Controller */ = {
			isa = PBXGroup;
			children = (
				CB9B54811BC8342A009AB56F /* PCSearchViewController.h */,
				CB9B54821BC8342A009AB56F /* PCSearchViewController.m */,
			);
			path = Controller;
			sourceTree = "<group>";
		};
		CB9B54831BC8342A009AB56F /* tabTools-工具 */ = {
			isa = PBXGroup;
			children = (
				CB9B54841BC8342A009AB56F /* Controller */,
			);
			path = "tabTools-工具";
			sourceTree = "<group>";
		};
		CB9B54841BC8342A009AB56F /* Controller */ = {
			isa = PBXGroup;
			children = (
				CB9B54851BC8342A009AB56F /* PCToolsViewController.h */,
				CB9B54861BC8342A009AB56F /* PCToolsViewController.m */,
			);
			path = Controller;
			sourceTree = "<group>";
		};
		CB9B54941BC8A102009AB56F /* View */ = {
			isa = PBXGroup;
			children = (
				CB9B54961BC8A1FE009AB56F /* PCPageControl.h */,
				CB9B54971BC8A1FE009AB56F /* PCPageControl.m */,
				CB9B54C61BC8E47B009AB56F /* PCCarHeaderButton.h */,
				CB9B54C71BC8E47B009AB56F /* PCCarHeaderButton.m */,
				CB9B54BC1BC8D454009AB56F /* PCCarHeader.h */,
				CB9B54BD1BC8D454009AB56F /* PCCarHeader.m */,
				CB9B54C11BC8D8FF009AB56F /* PCCarHeader.xib */,
				CB9B54D51BC90453009AB56F /* PCCarCell.h */,
				CB9B54D61BC90453009AB56F /* PCCarCell.m */,
				CB9B54D81BC90AA5009AB56F /* PCCarCell.xib */,
			);
			path = View;
			sourceTree = "<group>";
		};
		CB9B549F1BC8A913009AB56F /* Category */ = {
			isa = PBXGroup;
			children = (
				CB9B54A01BC8A930009AB56F /* UIView+Extension.h */,
				CB9B54A11BC8A930009AB56F /* UIView+Extension.m */,
			);
			path = Category;
			sourceTree = "<group>";
		};
		CB9B54C91BC8F386009AB56F /* Model */ = {
			isa = PBXGroup;
			children = (
				CB9B54E61BC931FA009AB56F /* testModel */,
				CB9B54CA1BC8F3B7009AB56F /* PCCar.h */,
				CB9B54CB1BC8F3B7009AB56F /* PCCar.m */,
			);
			path = Model;
			sourceTree = "<group>";
		};
		CB9B54D11BC8F97F009AB56F /* Tools */ = {
			isa = PBXGroup;
			children = (
				CB9B54D21BC8F97F009AB56F /* PCNetworkTools.h */,
				CB9B54D31BC8F97F009AB56F /* PCNetworkTools.m */,
			);
			path = Tools;
			sourceTree = "<group>";
		};
		CB9B54E61BC931FA009AB56F /* testModel */ = {
			isa = PBXGroup;
			children = (
				CB9B54E71BC931FA009AB56F /* PCCarGroup.h */,
				CB9B54E81BC931FA009AB56F /* PCCarGroup.m */,
				CB9B54E91BC931FA009AB56F /* PCCCar.h */,
				CB9B54EA1BC931FA009AB56F /* PCCCar.m */,
			);
			path = testModel;
			sourceTree = "<group>";
		};
/* End PBXGroup section */

/* Begin PBXNativeTarget section */
		CB9B53C01BC81576009AB56F /* CarPriceB117 */ = {
			isa = PBXNativeTarget;
			buildConfigurationList = CB9B53E41BC81576009AB56F /* Build configuration list for PBXNativeTarget "CarPriceB117" */;
			buildPhases = (
				5949D9B05049B2F8AC9F3999 /* Check Pods Manifest.lock */,
				CB9B53BD1BC81576009AB56F /* Sources */,
				CB9B53BE1BC81576009AB56F /* Frameworks */,
				CB9B53BF1BC81576009AB56F /* Resources */,
				88BBB83AE59FB2A6B565E290 /* Copy Pods Resources */,
			);
			buildRules = (
			);
			dependencies = (
			);
			name = CarPriceB117;
			productName = CarPriceB117;
			productReference = CB9B53C11BC81576009AB56F /* CarPriceB117.app */;
			productType = "com.apple.product-type.application";
		};
		CB9B53D91BC81576009AB56F /* CarPriceB117Tests */ = {
			isa = PBXNativeTarget;
			buildConfigurationList = CB9B53E71BC81576009AB56F /* Build configuration list for PBXNativeTarget "CarPriceB117Tests" */;
			buildPhases = (
				CB9B53D61BC81576009AB56F /* Sources */,
				CB9B53D71BC81576009AB56F /* Frameworks */,
				CB9B53D81BC81576009AB56F /* Resources */,
			);
			buildRules = (
			);
			dependencies = (
				CB9B53DC1BC81576009AB56F /* PBXTargetDependency */,
			);
			name = CarPriceB117Tests;
			productName = CarPriceB117Tests;
			productReference = CB9B53DA1BC81576009AB56F /* CarPriceB117Tests.xctest */;
			productType = "com.apple.product-type.bundle.unit-test";
		};
/* End PBXNativeTarget section */

/* Begin PBXProject section */
		CB9B53B91BC81576009AB56F /* Project object */ = {
			isa = PBXProject;
			attributes = {
				CLASSPREFIX = PC;
				LastUpgradeCheck = 0630;
				ORGANIZATIONNAME = B117;
				TargetAttributes = {
					CB9B53C01BC81576009AB56F = {
						CreatedOnToolsVersion = 6.3.2;
					};
					CB9B53D91BC81576009AB56F = {
						CreatedOnToolsVersion = 6.3.2;
						TestTargetID = CB9B53C01BC81576009AB56F;
					};
				};
			};
			buildConfigurationList = CB9B53BC1BC81576009AB56F /* Build configuration list for PBXProject "CarPriceB117" */;
			compatibilityVersion = "Xcode 3.2";
			developmentRegion = English;
			hasScannedForEncodings = 0;
			knownRegions = (
				en,
				Base,
			);
			mainGroup = CB9B53B81BC81576009AB56F;
			productRefGroup = CB9B53C21BC81576009AB56F /* Products */;
			projectDirPath = "";
			projectRoot = "";
			targets = (
				CB9B53C01BC81576009AB56F /* CarPriceB117 */,
				CB9B53D91BC81576009AB56F /* CarPriceB117Tests */,
			);
		};
/* End PBXProject section */

/* Begin PBXResourcesBuildPhase section */
		CB9B53BF1BC81576009AB56F /* Resources */ = {
			isa = PBXResourcesBuildPhase;
			buildActionMask = 2147483647;
			files = (
				CB9B53EB1BC817FF009AB56F /* Images.xcassets in Resources */,
				CB9B54DB1BC92A66009AB56F /* cars.plist in Resources */,
				CB9B54D91BC90AA5009AB56F /* PCCarCell.xib in Resources */,
				CB9B54C21BC8D8FF009AB56F /* PCCarHeader.xib in Resources */,
			);
			runOnlyForDeploymentPostprocessing = 0;
		};
		CB9B53D81BC81576009AB56F /* Resources */ = {
			isa = PBXResourcesBuildPhase;
			buildActionMask = 2147483647;
			files = (
			);
			runOnlyForDeploymentPostprocessing = 0;
		};
/* End PBXResourcesBuildPhase section */

/* Begin PBXShellScriptBuildPhase section */
		5949D9B05049B2F8AC9F3999 /* Check Pods Manifest.lock */ = {
			isa = PBXShellScriptBuildPhase;
			buildActionMask = 2147483647;
			files = (
			);
			inputPaths = (
			);
			name = "Check Pods Manifest.lock";
			outputPaths = (
			);
			runOnlyForDeploymentPostprocessing = 0;
			shellPath = /bin/sh;
			shellScript = "diff \"${PODS_ROOT}/../Podfile.lock\" \"${PODS_ROOT}/Manifest.lock\" > /dev/null\nif [[ $? != 0 ]] ; then\n    cat << EOM\nerror: The sandbox is not in sync with the Podfile.lock. Run 'pod install' or update your CocoaPods installation.\nEOM\n    exit 1\nfi\n";
			showEnvVarsInLog = 0;
		};
		88BBB83AE59FB2A6B565E290 /* Copy Pods Resources */ = {
			isa = PBXShellScriptBuildPhase;
			buildActionMask = 2147483647;
			files = (
			);
			inputPaths = (
			);
			name = "Copy Pods Resources";
			outputPaths = (
			);
			runOnlyForDeploymentPostprocessing = 0;
			shellPath = /bin/sh;
			shellScript = "\"${SRCROOT}/Pods/Target Support Files/Pods/Pods-resources.sh\"\n";
			showEnvVarsInLog = 0;
		};
/* End PBXShellScriptBuildPhase section */

/* Begin PBXSourcesBuildPhase section */
		CB9B53BD1BC81576009AB56F /* Sources */ = {
			isa = PBXSourcesBuildPhase;
			buildActionMask = 2147483647;
			files = (
				CB9B54881BC8342A009AB56F /* PCNavgationController.m in Sources */,
				CB9B54921BC8342A009AB56F /* PCSearchViewController.m in Sources */,
				CB9B54BE1BC8D454009AB56F /* PCCarHeader.m in Sources */,
				CB9B54EB1BC931FA009AB56F /* PCCarGroup.m in Sources */,
				CB9B54A21BC8A930009AB56F /* UIView+Extension.m in Sources */,
				CB9B54891BC8342A009AB56F /* PCTabBarController.m in Sources */,
				CB9B54C81BC8E47B009AB56F /* PCCarHeaderButton.m in Sources */,
				CB9B548C1BC8342A009AB56F /* PCMoreViewController.m in Sources */,
				CB9B54CC1BC8F3B7009AB56F /* PCCar.m in Sources */,
				CB9B54EC1BC931FA009AB56F /* PCCCar.m in Sources */,
				CB9B54D41BC8F97F009AB56F /* PCNetworkTools.m in Sources */,
				CB9B54911BC8342A009AB56F /* PCSaleViewController.m in Sources */,
				CB9B548A1BC8342A009AB56F /* main.m in Sources */,
				CB9B54871BC8342A009AB56F /* AppDelegate.m in Sources */,
				CB9B548B1BC8342A009AB56F /* PCCarViewController.m in Sources */,
				CB9B54931BC8342A009AB56F /* PCToolsViewController.m in Sources */,
				CB9B54981BC8A1FE009AB56F /* PCPageControl.m in Sources */,
				CB9B54D71BC90453009AB56F /* PCCarCell.m in Sources */,
			);
			runOnlyForDeploymentPostprocessing = 0;
		};
		CB9B53D61BC81576009AB56F /* Sources */ = {
			isa = PBXSourcesBuildPhase;
			buildActionMask = 2147483647;
			files = (
				CB9B53E11BC81576009AB56F /* CarPriceB117Tests.m in Sources */,
			);
			runOnlyForDeploymentPostprocessing = 0;
		};
/* End PBXSourcesBuildPhase section */

/* Begin PBXTargetDependency section */
		CB9B53DC1BC81576009AB56F /* PBXTargetDependency */ = {
			isa = PBXTargetDependency;
			target = CB9B53C01BC81576009AB56F /* CarPriceB117 */;
			targetProxy = CB9B53DB1BC81576009AB56F /* PBXContainerItemProxy */;
		};
/* End PBXTargetDependency section */

/* Begin XCBuildConfiguration section */
		CB9B53E21BC81576009AB56F /* Debug */ = {
			isa = XCBuildConfiguration;
			buildSettings = {
				ALWAYS_SEARCH_USER_PATHS = NO;
				CLANG_CXX_LANGUAGE_STANDARD = "gnu++0x";
				CLANG_CXX_LIBRARY = "libc++";
				CLANG_ENABLE_MODULES = YES;
				CLANG_ENABLE_OBJC_ARC = YES;
				CLANG_WARN_BOOL_CONVERSION = YES;
				CLANG_WARN_CONSTANT_CONVERSION = YES;
				CLANG_WARN_DIRECT_OBJC_ISA_USAGE = YES_ERROR;
				CLANG_WARN_EMPTY_BODY = YES;
				CLANG_WARN_ENUM_CONVERSION = YES;
				CLANG_WARN_INT_CONVERSION = YES;
				CLANG_WARN_OBJC_ROOT_CLASS = YES_ERROR;
				CLANG_WARN_UNREACHABLE_CODE = YES;
				CLANG_WARN__DUPLICATE_METHOD_MATCH = YES;
				"CODE_SIGN_IDENTITY[sdk=iphoneos*]" = "iPhone Developer";
				COPY_PHASE_STRIP = NO;
				DEBUG_INFORMATION_FORMAT = "dwarf-with-dsym";
				ENABLE_STRICT_OBJC_MSGSEND = YES;
				GCC_C_LANGUAGE_STANDARD = gnu99;
				GCC_DYNAMIC_NO_PIC = NO;
				GCC_NO_COMMON_BLOCKS = YES;
				GCC_OPTIMIZATION_LEVEL = 0;
				GCC_PREPROCESSOR_DEFINITIONS = (
					"DEBUG=1",
					"$(inherited)",
				);
				GCC_SYMBOLS_PRIVATE_EXTERN = NO;
				GCC_WARN_64_TO_32_BIT_CONVERSION = YES;
				GCC_WARN_ABOUT_RETURN_TYPE = YES_ERROR;
				GCC_WARN_UNDECLARED_SELECTOR = YES;
				GCC_WARN_UNINITIALIZED_AUTOS = YES_AGGRESSIVE;
				GCC_WARN_UNUSED_FUNCTION = YES;
				GCC_WARN_UNUSED_VARIABLE = YES;
				IPHONEOS_DEPLOYMENT_TARGET = 8.3;
				MTL_ENABLE_DEBUG_INFO = YES;
				ONLY_ACTIVE_ARCH = YES;
				SDKROOT = iphoneos;
			};
			name = Debug;
		};
		CB9B53E31BC81576009AB56F /* Release */ = {
			isa = XCBuildConfiguration;
			buildSettings = {
				ALWAYS_SEARCH_USER_PATHS = NO;
				CLANG_CXX_LANGUAGE_STANDARD = "gnu++0x";
				CLANG_CXX_LIBRARY = "libc++";
				CLANG_ENABLE_MODULES = YES;
				CLANG_ENABLE_OBJC_ARC = YES;
				CLANG_WARN_BOOL_CONVERSION = YES;
				CLANG_WARN_CONSTANT_CONVERSION = YES;
				CLANG_WARN_DIRECT_OBJC_ISA_USAGE = YES_ERROR;
				CLANG_WARN_EMPTY_BODY = YES;
				CLANG_WARN_ENUM_CONVERSION = YES;
				CLANG_WARN_INT_CONVERSION = YES;
				CLANG_WARN_OBJC_ROOT_CLASS = YES_ERROR;
				CLANG_WARN_UNREACHABLE_CODE = YES;
				CLANG_WARN__DUPLICATE_METHOD_MATCH = YES;
				"CODE_SIGN_IDENTITY[sdk=iphoneos*]" = "iPhone Developer";
				COPY_PHASE_STRIP = NO;
				DEBUG_INFORMATION_FORMAT = "dwarf-with-dsym";
				ENABLE_NS_ASSERTIONS = NO;
				ENABLE_STRICT_OBJC_MSGSEND = YES;
				GCC_C_LANGUAGE_STANDARD = gnu99;
				GCC_NO_COMMON_BLOCKS = YES;
				GCC_WARN_64_TO_32_BIT_CONVERSION = YES;
				GCC_WARN_ABOUT_RETURN_TYPE = YES_ERROR;
				GCC_WARN_UNDECLARED_SELECTOR = YES;
				GCC_WARN_UNINITIALIZED_AUTOS = YES_AGGRESSIVE;
				GCC_WARN_UNUSED_FUNCTION = YES;
				GCC_WARN_UNUSED_VARIABLE = YES;
				IPHONEOS_DEPLOYMENT_TARGET = 8.3;
				MTL_ENABLE_DEBUG_INFO = NO;
				SDKROOT = iphoneos;
				VALIDATE_PRODUCT = YES;
			};
			name = Release;
		};
		CB9B53E51BC81576009AB56F /* Debug */ = {
			isa = XCBuildConfiguration;
			baseConfigurationReference = 9457BA43ABA0ACA03666A982 /* Pods.debug.xcconfig */;
			buildSettings = {
				ASSETCATALOG_COMPILER_APPICON_NAME = AppIcon;
				ASSETCATALOG_COMPILER_LAUNCHIMAGE_NAME = LaunchImage;
				GCC_PREFIX_HEADER = "CarPriceB117/Classes/Other-其他/PrefixHeader.pch";
				INFOPLIST_FILE = CarPriceB117/Info.plist;
				IPHONEOS_DEPLOYMENT_TARGET = 7.0;
				LD_RUNPATH_SEARCH_PATHS = "$(inherited) @executable_path/Frameworks";
				PRODUCT_NAME = "$(TARGET_NAME)";
			};
			name = Debug;
		};
		CB9B53E61BC81576009AB56F /* Release */ = {
			isa = XCBuildConfiguration;
			baseConfigurationReference = 69583F7B3A76648CB3B585F3 /* Pods.release.xcconfig */;
			buildSettings = {
				ASSETCATALOG_COMPILER_APPICON_NAME = AppIcon;
				ASSETCATALOG_COMPILER_LAUNCHIMAGE_NAME = LaunchImage;
				GCC_PREFIX_HEADER = "CarPriceB117/Classes/Other-其他/PrefixHeader.pch";
				INFOPLIST_FILE = CarPriceB117/Info.plist;
				IPHONEOS_DEPLOYMENT_TARGET = 7.0;
				LD_RUNPATH_SEARCH_PATHS = "$(inherited) @executable_path/Frameworks";
				PRODUCT_NAME = "$(TARGET_NAME)";
			};
			name = Release;
		};
		CB9B53E81BC81576009AB56F /* Debug */ = {
			isa = XCBuildConfiguration;
			buildSettings = {
				BUNDLE_LOADER = "$(TEST_HOST)";
				FRAMEWORK_SEARCH_PATHS = (
					"$(SDKROOT)/Developer/Library/Frameworks",
					"$(inherited)",
				);
				GCC_PREPROCESSOR_DEFINITIONS = (
					"DEBUG=1",
					"$(inherited)",
				);
				INFOPLIST_FILE = CarPriceB117Tests/Info.plist;
				LD_RUNPATH_SEARCH_PATHS = "$(inherited) @executable_path/Frameworks @loader_path/Frameworks";
				PRODUCT_NAME = "$(TARGET_NAME)";
				TEST_HOST = "$(BUILT_PRODUCTS_DIR)/CarPriceB117.app/CarPriceB117";
			};
			name = Debug;
		};
		CB9B53E91BC81576009AB56F /* Release */ = {
			isa = XCBuildConfiguration;
			buildSettings = {
				BUNDLE_LOADER = "$(TEST_HOST)";
				FRAMEWORK_SEARCH_PATHS = (
					"$(SDKROOT)/Developer/Library/Frameworks",
					"$(inherited)",
				);
				INFOPLIST_FILE = CarPriceB117Tests/Info.plist;
				LD_RUNPATH_SEARCH_PATHS = "$(inherited) @executable_path/Frameworks @loader_path/Frameworks";
				PRODUCT_NAME = "$(TARGET_NAME)";
				TEST_HOST = "$(BUILT_PRODUCTS_DIR)/CarPriceB117.app/CarPriceB117";
			};
			name = Release;
		};
/* End XCBuildConfiguration section */

/* Begin XCConfigurationList section */
		CB9B53BC1BC81576009AB56F /* Build configuration list for PBXProject "CarPriceB117" */ = {
			isa = XCConfigurationList;
			buildConfigurations = (
				CB9B53E21BC81576009AB56F /* Debug */,
				CB9B53E31BC81576009AB56F /* Release */,
			);
			defaultConfigurationIsVisible = 0;
			defaultConfigurationName = Release;
		};
		CB9B53E41BC81576009AB56F /* Build configuration list for PBXNativeTarget "CarPriceB117" */ = {
			isa = XCConfigurationList;
			buildConfigurations = (
				CB9B53E51BC81576009AB56F /* Debug */,
				CB9B53E61BC81576009AB56F /* Release */,
			);
			defaultConfigurationIsVisible = 0;
			defaultConfigurationName = Release;
		};
		CB9B53E71BC81576009AB56F /* Build configuration list for PBXNativeTarget "CarPriceB117Tests" */ = {
			isa = XCConfigurationList;
			buildConfigurations = (
				CB9B53E81BC81576009AB56F /* Debug */,
				CB9B53E91BC81576009AB56F /* Release */,
			);
			defaultConfigurationIsVisible = 0;
			defaultConfigurationName = Release;
		};
/* End XCConfigurationList section */
	};
	rootObject = CB9B53B91BC81576009AB56F /* Project object */;
}
